Microsoft Visual Studio Solution File, Format Version 12.00
# Visual Studio 14
VisualStudioVersion = 14.0.25420.1
MinimumVisualStudioVersion = 10.0.40219.1
Project("{FAE04EC0-301F-11D3-BF4B-00C04F79EFBC}") = "Cloudmersive.APIClient.NET.Phishing", "src\Cloudmersive.APIClient.NET.Phishing\Cloudmersive.APIClient.NET.Phishing.csproj", "e2e34afe-8252-4dc4-a869-04e75647dffb"
EndProject
Project("{FAE04EC0-301F-11D3-BF4B-00C04F79EFBC}") = "Cloudmersive.APIClient.NET.Phishing.Test", "src\Cloudmersive.APIClient.NET.Phishing.Test\Cloudmersive.APIClient.NET.Phishing.Test.csproj", "{19F1DEBC-DE5E-4517-8062-F000CD499087}"
EndProject
Global
	GlobalSection(SolutionConfigurationPlatforms) = preSolution
		Debug|Any CPU = Debug|Any CPU
		Release|Any CPU = Release|Any CPU
	EndGlobalSection
	GlobalSection(ProjectConfigurationPlatforms) = postSolution
		e2e34afe-8252-4dc4-a869-04e75647dffb.Debug|Any CPU.ActiveCfg = Debug|Any CPU
		e2e34afe-8252-4dc4-a869-04e75647dffb.Debug|Any CPU.Build.0 = Debug|Any CPU
		e2e34afe-8252-4dc4-a869-04e75647dffb.Release|Any CPU.ActiveCfg = Release|Any CPU
		e2e34afe-8252-4dc4-a869-04e75647dffb.Release|Any CPU.Build.0 = Release|Any CPU
		{19F1DEBC-DE5E-4517-8062-F000CD499087}.Debug|Any CPU.ActiveCfg = Debug|Any CPU
		{19F1DEBC-DE5E-4517-8062-F000CD499087}.Debug|Any CPU.Build.0 = Debug|Any CPU
		{19F1DEBC-DE5E-4517-8062-F000CD499087}.Release|Any CPU.ActiveCfg = Release|Any CPU
		{19F1DEBC-DE5E-4517-8062-F000CD499087}.Release|Any CPU.Build.0 = Release|Any CPU
	EndGlobalSection
	GlobalSection(SolutionProperties) = preSolution
		HideSolutionNode = FALSE
	EndGlobalSection
EndGlobal